
Microsoft Visual Studio Solution File, Format Version 12.00
# Visual Studio Version 17
VisualStudioVersion = 17.5.002.0
MinimumVisualStudioVersion = 10.0.40219.1
Project("{9A19103F-16F7-4668-BE54-9A1E7A4F7556}") = "StaffClient", "StaffClient.csproj", "{7EAD4D65-7956-47FB-9AF2-164618CC96C5}"
EndProject
Global
	GlobalSection(SolutionConfigurationPlatforms) = preSolution
		Debug|Any CPU = Debug|Any CPU
		Release|Any CPU = Release|Any CPU
	EndGlobalSection
	GlobalSection(ProjectConfigurationPlatforms) = postSolution
		{7EAD4D65-7956-47FB-9AF2-164618CC96C5}.Debug|Any CPU.ActiveCfg = Debug|Any CPU
		{7EAD4D65-7956-47FB-9AF2-164618CC96C5}.Debug|Any CPU.Build.0 = Debug|Any CPU
		{7EAD4D65-7956-47FB-9AF2-164618CC96C5}.Release|Any CPU.ActiveCfg = Release|Any CPU
		{7EAD4D65-7956-47FB-9AF2-164618CC96C5}.Release|Any CPU.Build.0 = Release|Any CPU
	EndGlobalSection
	GlobalSection(SolutionProperties) = preSolution
		HideSolutionNode = FALSE
	EndGlobalSection
	GlobalSection(ExtensibilityGlobals) = postSolution
		SolutionGuid = {D134D2C5-2442-4327-ACBB-E41AC78BFB7F}
	EndGlobalSection
EndGlobal
